lockfileVersion: 5.3

specifiers:
  windicss: ^3.1.9

devDependencies:
  windicss: 3.1.9

packages:

  /windicss/3.1.9:
    resolution: {integrity: sha512-5YoKvXeCQXIdwc91BoOgpKbIImr2JS8I14rPMa/5dKDDPA4ot3NgICWKELkml39R/8rn4Q0BVUUTqN+w+hjDSA==}
    engines: {node: '>= 12'}
    hasBin: true
    dev: true
